
Microsoft Visual Studio Solution File, Format Version 12.00
# Visual Studio Version 16
VisualStudioVersion = 25.0.1704.5
MinimumVisualStudioVersion = 10.0.40219.1
Project("{FAE04EC0-301F-11D3-BF4B-00C04F79EFBC}") = "DesignPatterns", "DesignPatterns.csproj", "{DA229330-4F6D-44BC-8B74-A51DA17B3B27}"
EndProject
Global
	GlobalSection(SolutionConfigurationPlatforms) = preSolution
		Debug|Any CPU = Debug|Any CPU
		Release|Any CPU = Release|Any CPU
	EndGlobalSection
	GlobalSection(ProjectConfigurationPlatforms) = postSolution
		{DA229330-4F6D-44BC-8B74-A51DA17B3B27}.Debug|Any CPU.ActiveCfg = Debug|Any CPU
		{DA229330-4F6D-44BC-8B74-A51DA17B3B27}.Debug|Any CPU.Build.0 = Debug|Any CPU
		{DA229330-4F6D-44BC-8B74-A51DA17B3B27}.Release|Any CPU.ActiveCfg = Release|Any CPU
		{DA229330-4F6D-44BC-8B74-A51DA17B3B27}.Release|Any CPU.Build.0 = Release|Any CPU
	EndGlobalSection
	GlobalSection(SolutionProperties) = preSolution
		HideSolutionNode = FALSE
	EndGlobalSection
	GlobalSection(ExtensibilityGlobals) = postSolution
		SolutionGuid = {D33C3993-D436-4FDB-9C25-10738D9883DD}
	EndGlobalSection
EndGlobal
